
Microsoft Visual Studio Solution File, Format Version 12.00
# Visual Studio Version 17
VisualStudioVersion = 17.10.34928.147
MinimumVisualStudioVersion = 10.0.40219.1
Project("{FAE04EC0-301F-11D3-BF4B-00C04F79EFBC}") = "XMA.CE.Plugins", "XMA.CE.Plugins\XMA.CE.Plugins.csproj", "{976E03F7-FAEF-4A87-8FDB-990DD444ACC9}"
EndProject
Global
	GlobalSection(SolutionConfigurationPlatforms) = preSolution
		Debug|Any CPU = Debug|Any CPU
		Release|Any CPU = Release|Any CPU
	EndGlobalSection
	GlobalSection(ProjectConfigurationPlatforms) = postSolution
		{976E03F7-FAEF-4A87-8FDB-990DD444ACC9}.Debug|Any CPU.ActiveCfg = Debug|Any CPU
		{976E03F7-FAEF-4A87-8FDB-990DD444ACC9}.Debug|Any CPU.Build.0 = Debug|Any CPU
		{976E03F7-FAEF-4A87-8FDB-990DD444ACC9}.Release|Any CPU.ActiveCfg = Release|Any CPU
		{976E03F7-FAEF-4A87-8FDB-990DD444ACC9}.Release|Any CPU.Build.0 = Release|Any CPU
	EndGlobalSection
	GlobalSection(SolutionProperties) = preSolution
		HideSolutionNode = FALSE
	EndGlobalSection
	GlobalSection(ExtensibilityGlobals) = postSolution
		SolutionGuid = {2D5694E0-02B8-43E0-931D-35AC31799D79}
	EndGlobalSection
	GlobalSection(CRMSolutionProperties) = preSolution
		SolutionIsBoundToCRM = True
	EndGlobalSection
EndGlobal
